// !$*UTF8*$!
{
	archiveVersion = 1;
	classes = {
	};
	objectVersion = 50;
	objects = {

/* Begin PBXBuildFile section */
		5DD5B1FCDB150AF4AB0B2523 /* Pods_ThemNewMovies.framework in Frameworks */ = {isa = PBXBuildFile; fileRef = 999CC3B8D41E480271C0FE44 /* Pods_ThemNewMovies.framework */; };
		6E214AF8219E26B9003F3C62 /* AppDelegate.swift in Sources */ = {isa = PBXBuildFile; fileRef = 6E214AF7219E26B9003F3C62 /* AppDelegate.swift */; };
		6E214B01219E26BA003F3C62 /* Assets.xcassets in Resources */ = {isa = PBXBuildFile; fileRef = 6E214B00219E26BA003F3C62 /* Assets.xcassets */; };
		6E214B04219E26BA003F3C62 /* LaunchScreen.storyboard in Resources */ = {isa = PBXBuildFile; fileRef = 6E214B02219E26BA003F3C62 /* LaunchScreen.storyboard */; };
		6E214B1A219E26BA003F3C62 /* ThemNewMoviesUITests.swift in Sources */ = {isa = PBXBuildFile; fileRef = 6E214B19219E26BA003F3C62 /* ThemNewMoviesUITests.swift */; };
		6E214B2B219E299A003F3C62 /* NetworkResult.swift in Sources */ = {isa = PBXBuildFile; fileRef = 6E214B2A219E299A003F3C62 /* NetworkResult.swift */; };
		6E214B31219E2B61003F3C62 /* HttpClient.swift in Sources */ = {isa = PBXBuildFile; fileRef = 6E214B30219E2B61003F3C62 /* HttpClient.swift */; };
		6E214B35219E362B003F3C62 /* ModelDecoder.swift in Sources */ = {isa = PBXBuildFile; fileRef = 6E214B34219E362B003F3C62 /* ModelDecoder.swift */; };
		6E214B37219E3B2A003F3C62 /* NetworkTests.swift in Sources */ = {isa = PBXBuildFile; fileRef = 6E214B36219E3B2A003F3C62 /* NetworkTests.swift */; };
		6E214B41219E416B003F3C62 /* HTTPMethod.swift in Sources */ = {isa = PBXBuildFile; fileRef = 6E214B40219E416B003F3C62 /* HTTPMethod.swift */; };
		6E214B44219E5345003F3C62 /* Movie.swift in Sources */ = {isa = PBXBuildFile; fileRef = 6E214B43219E5345003F3C62 /* Movie.swift */; };
		6E214B47219E549D003F3C62 /* ModelTests.swift in Sources */ = {isa = PBXBuildFile; fileRef = 6E214B46219E549D003F3C62 /* ModelTests.swift */; };
		6E214B4A219E5CE4003F3C62 /* UpcomingMovies.swift in Sources */ = {isa = PBXBuildFile; fileRef = 6E214B49219E5CE4003F3C62 /* UpcomingMovies.swift */; };
		6E214B4C219F30BD003F3C62 /* MovieService.swift in Sources */ = {isa = PBXBuildFile; fileRef = 6E214B4B219F30BD003F3C62 /* MovieService.swift */; };
		6E214B4E219F314F003F3C62 /* Constants.swift in Sources */ = {isa = PBXBuildFile; fileRef = 6E214B4D219F314F003F3C62 /* Constants.swift */; };
		6E214B53219F3BE3003F3C62 /* MovieViewModel.swift in Sources */ = {isa = PBXBuildFile; fileRef = 6E214B52219F3BE3003F3C62 /* MovieViewModel.swift */; };
		6E214B58219F3F16003F3C62 /* Date+ElapsedTime.swift in Sources */ = {isa = PBXBuildFile; fileRef = 6E214B57219F3F16003F3C62 /* Date+ElapsedTime.swift */; };
		6E214B5A219F4B35003F3C62 /* ViewModelTests.swift in Sources */ = {isa = PBXBuildFile; fileRef = 6E214B59219F4B35003F3C62 /* ViewModelTests.swift */; };
		6E214B5C219F4C3E003F3C62 /* DateElapsedTimeTests.swift in Sources */ = {isa = PBXBuildFile; fileRef = 6E214B5B219F4C3E003F3C62 /* DateElapsedTimeTests.swift */; };
		6E214B5D219F4EB9003F3C62 /* Localizable.strings in Resources */ = {isa = PBXBuildFile; fileRef = 6E214B5F219F4EB9003F3C62 /* Localizable.strings */; };
		6E214B6321A0ACC4003F3C62 /* String+Localized.swift in Sources */ = {isa = PBXBuildFile; fileRef = 6E214B6221A0ACC4003F3C62 /* String+Localized.swift */; };
		6E214B6521A0AFB8003F3C62 /* StringLocalizedTests.swift in Sources */ = {isa = PBXBuildFile; fileRef = 6E214B6421A0AFB8003F3C62 /* StringLocalizedTests.swift */; };
		6E214B6821A0B425003F3C62 /* MainNavigator.storyboard in Resources */ = {isa = PBXBuildFile; fileRef = 6E214B6721A0B425003F3C62 /* MainNavigator.storyboard */; };
		6E214B6A21A0B4BC003F3C62 /* MovieList.storyboard in Resources */ = {isa = PBXBuildFile; fileRef = 6E214B6921A0B4BC003F3C62 /* MovieList.storyboard */; };
		6E214B6D21A0B6C2003F3C62 /* UpcomingMoviesTableViewController.swift in Sources */ = {isa = PBXBuildFile; fileRef = 6E214B6C21A0B6C2003F3C62 /* UpcomingMoviesTableViewController.swift */; };
		7EA0E75117D2C6DA2B394A60 /* Pods_ThemNewMoviesTests.framework in Frameworks */ = {isa = PBXBuildFile; fileRef = CE4DF300595ECDCE4E6BA568 /* Pods_ThemNewMoviesTests.framework */; };
		E6FE689B29EA103D0416658A /* Pods_ThemNewMoviesUITests.framework in Frameworks */ = {isa = PBXBuildFile; fileRef = BE2762BA707755D478F00C39 /* Pods_ThemNewMoviesUITests.framework */; };
/* End PBXBuildFile section */

/* Begin PBXContainerItemProxy section */
		6E214B0B219E26BA003F3C62 /* PBXContainerItemProxy */ = {
			isa = PBXContainerItemProxy;
			containerPortal = 6E214AEC219E26B9003F3C62 /* Project object */;
			proxyType = 1;
			remoteGlobalIDString = 6E214AF3219E26B9003F3C62;
			remoteInfo = ThemNewMovies;
		};
		6E214B16219E26BA003F3C62 /* PBXContainerItemProxy */ = {
			isa = PBXContainerItemProxy;
			containerPortal = 6E214AEC219E26B9003F3C62 /* Project object */;
			proxyType = 1;
			remoteGlobalIDString = 6E214AF3219E26B9003F3C62;
			remoteInfo = ThemNewMovies;
		};
/* End PBXContainerItemProxy section */

/* Begin PBXFileReference section */
		0A86629585AA33204B6B7B5F /* Pods-ThemNewMovies.release.xcconfig */ = {isa = PBXFileReference; includeInIndex = 1; lastKnownFileType = text.xcconfig; name = "Pods-ThemNewMovies.release.xcconfig"; path = "Pods/Target Support Files/Pods-ThemNewMovies/Pods-ThemNewMovies.release.xcconfig"; sourceTree = "<group>"; };
		1FC6796A07C20A43BECBE1E8 /* Pods-ThemNewMoviesUITests.release.xcconfig */ = {isa = PBXFileReference; includeInIndex = 1; lastKnownFileType = text.xcconfig; name = "Pods-ThemNewMoviesUITests.release.xcconfig"; path = "Pods/Target Support Files/Pods-ThemNewMoviesUITests/Pods-ThemNewMoviesUITests.release.xcconfig"; sourceTree = "<group>"; };
		6997E909F9387F22E89BE556 /* Pods-ThemNewMoviesTests.debug.xcconfig */ = {isa = PBXFileReference; includeInIndex = 1; lastKnownFileType = text.xcconfig; name = "Pods-ThemNewMoviesTests.debug.xcconfig"; path = "Pods/Target Support Files/Pods-ThemNewMoviesTests/Pods-ThemNewMoviesTests.debug.xcconfig"; sourceTree = "<group>"; };
		6E214AF4219E26B9003F3C62 /* ThemNewMovies.app */ = {isa = PBXFileReference; explicitFileType = wrapper.application; includeInIndex = 0; path = ThemNewMovies.app; sourceTree = BUILT_PRODUCTS_DIR; };
		6E214AF7219E26B9003F3C62 /* AppDelegate.swift */ = {isa = PBXFileReference; lastKnownFileType = sourcecode.swift; path = AppDelegate.swift; sourceTree = "<group>"; };
		6E214B00219E26BA003F3C62 /* Assets.xcassets */ = {isa = PBXFileReference; lastKnownFileType = folder.assetcatalog; path = Assets.xcassets; sourceTree = "<group>"; };
		6E214B03219E26BA003F3C62 /* Base */ = {isa = PBXFileReference; lastKnownFileType = file.storyboard; name = Base; path = Base.lproj/LaunchScreen.storyboard; sourceTree = "<group>"; };
		6E214B05219E26BA003F3C62 /* Info.plist */ = {isa = PBXFileReference; lastKnownFileType = text.plist.xml; path = Info.plist; sourceTree = "<group>"; };
		6E214B0A219E26BA003F3C62 /* ThemNewMoviesTests.xctest */ = {isa = PBXFileReference; explicitFileType = wrapper.cfbundle; includeInIndex = 0; path = ThemNewMoviesTests.xctest; sourceTree = BUILT_PRODUCTS_DIR; };
		6E214B10219E26BA003F3C62 /* Info.plist */ = {isa = PBXFileReference; lastKnownFileType = text.plist.xml; path = Info.plist; sourceTree = "<group>"; };
		6E214B15219E26BA003F3C62 /* ThemNewMoviesUITests.xctest */ = {isa = PBXFileReference; explicitFileType = wrapper.cfbundle; includeInIndex = 0; path = ThemNewMoviesUITests.xctest; sourceTree = BUILT_PRODUCTS_DIR; };
		6E214B19219E26BA003F3C62 /* ThemNewMoviesUITests.swift */ = {isa = PBXFileReference; lastKnownFileType = sourcecode.swift; path = ThemNewMoviesUITests.swift; sourceTree = "<group>"; };
		6E214B1B219E26BB003F3C62 /* Info.plist */ = {isa = PBXFileReference; lastKnownFileType = text.plist.xml; path = Info.plist; sourceTree = "<group>"; };
		6E214B2A219E299A003F3C62 /* NetworkResult.swift */ = {isa = PBXFileReference; lastKnownFileType = sourcecode.swift; path = NetworkResult.swift; sourceTree = "<group>"; };
		6E214B30219E2B61003F3C62 /* HttpClient.swift */ = {isa = PBXFileReference; lastKnownFileType = sourcecode.swift; path = HttpClient.swift; sourceTree = "<group>"; };
		6E214B34219E362B003F3C62 /* ModelDecoder.swift */ = {isa = PBXFileReference; lastKnownFileType = sourcecode.swift; path = ModelDecoder.swift; sourceTree = "<group>"; };
		6E214B36219E3B2A003F3C62 /* NetworkTests.swift */ = {isa = PBXFileReference; lastKnownFileType = sourcecode.swift; path = NetworkTests.swift; sourceTree = "<group>"; };
		6E214B40219E416B003F3C62 /* HTTPMethod.swift */ = {isa = PBXFileReference; lastKnownFileType = sourcecode.swift; path = HTTPMethod.swift; sourceTree = "<group>"; };
		6E214B43219E5345003F3C62 /* Movie.swift */ = {isa = PBXFileReference; lastKnownFileType = sourcecode.swift; path = Movie.swift; sourceTree = "<group>"; };
		6E214B46219E549D003F3C62 /* ModelTests.swift */ = {isa = PBXFileReference; lastKnownFileType = sourcecode.swift; path = ModelTests.swift; sourceTree = "<group>"; };
		6E214B49219E5CE4003F3C62 /* UpcomingMovies.swift */ = {isa = PBXFileReference; lastKnownFileType = sourcecode.swift; path = UpcomingMovies.swift; sourceTree = "<group>"; };
		6E214B4B219F30BD003F3C62 /* MovieService.swift */ = {isa = PBXFileReference; lastKnownFileType = sourcecode.swift; path = MovieService.swift; sourceTree = "<group>"; };
		6E214B4D219F314F003F3C62 /* Constants.swift */ = {isa = PBXFileReference; lastKnownFileType = sourcecode.swift; path = Constants.swift; sourceTree = "<group>"; };
		6E214B52219F3BE3003F3C62 /* MovieViewModel.swift */ = {isa = PBXFileReference; lastKnownFileType = sourcecode.swift; path = MovieViewModel.swift; sourceTree = "<group>"; };
		6E214B57219F3F16003F3C62 /* Date+ElapsedTime.swift */ = {isa = PBXFileReference; lastKnownFileType = sourcecode.swift; path = "Date+ElapsedTime.swift"; sourceTree = "<group>"; };
		6E214B59219F4B35003F3C62 /* ViewModelTests.swift */ = {isa = PBXFileReference; lastKnownFileType = sourcecode.swift; path = ViewModelTests.swift; sourceTree = "<group>"; };
		6E214B5B219F4C3E003F3C62 /* DateElapsedTimeTests.swift */ = {isa = PBXFileReference; lastKnownFileType = sourcecode.swift; path = DateElapsedTimeTests.swift; sourceTree = "<group>"; };
		6E214B5E219F4EB9003F3C62 /* en */ = {isa = PBXFileReference; lastKnownFileType = text.plist.strings; name = en; path = en.lproj/Localizable.strings; sourceTree = "<group>"; };
		6E214B60219F4EE3003F3C62 /* pt-BR */ = {isa = PBXFileReference; lastKnownFileType = text.plist.strings; name = "pt-BR"; path = "pt-BR.lproj/Localizable.strings"; sourceTree = "<group>"; };
		6E214B6221A0ACC4003F3C62 /* String+Localized.swift */ = {isa = PBXFileReference; lastKnownFileType = sourcecode.swift; path = "String+Localized.swift"; sourceTree = "<group>"; };
		6E214B6421A0AFB8003F3C62 /* StringLocalizedTests.swift */ = {isa = PBXFileReference; lastKnownFileType = sourcecode.swift; path = StringLocalizedTests.swift; sourceTree = "<group>"; };
		6E214B6721A0B425003F3C62 /* MainNavigator.storyboard */ = {isa = PBXFileReference; lastKnownFileType = file.storyboard; path = MainNavigator.storyboard; sourceTree = "<group>"; };
		6E214B6921A0B4BC003F3C62 /* MovieList.storyboard */ = {isa = PBXFileReference; lastKnownFileType = file.storyboard; path = MovieList.storyboard; sourceTree = "<group>"; };
		6E214B6C21A0B6C2003F3C62 /* UpcomingMoviesTableViewController.swift */ = {isa = PBXFileReference; lastKnownFileType = sourcecode.swift; path = UpcomingMoviesTableViewController.swift; sourceTree = "<group>"; };
		999CC3B8D41E480271C0FE44 /* Pods_ThemNewMovies.framework */ = {isa = PBXFileReference; explicitFileType = wrapper.framework; includeInIndex = 0; path = Pods_ThemNewMovies.framework; sourceTree = BUILT_PRODUCTS_DIR; };
		A473030467AC019CCC9EB6CD /* Pods-ThemNewMoviesTests.release.xcconfig */ = {isa = PBXFileReference; includeInIndex = 1; lastKnownFileType = text.xcconfig; name = "Pods-ThemNewMoviesTests.release.xcconfig"; path = "Pods/Target Support Files/Pods-ThemNewMoviesTests/Pods-ThemNewMoviesTests.release.xcconfig"; sourceTree = "<group>"; };
		BE2762BA707755D478F00C39 /* Pods_ThemNewMoviesUITests.framework */ = {isa = PBXFileReference; explicitFileType = wrapper.framework; includeInIndex = 0; path = Pods_ThemNewMoviesUITests.framework; sourceTree = BUILT_PRODUCTS_DIR; };
		CE4DF300595ECDCE4E6BA568 /* Pods_ThemNewMoviesTests.framework */ = {isa = PBXFileReference; explicitFileType = wrapper.framework; includeInIndex = 0; path = Pods_ThemNewMoviesTests.framework; sourceTree = BUILT_PRODUCTS_DIR; };
		D27CDD5A290B59C1BEB09B57 /* Pods-ThemNewMoviesUITests.debug.xcconfig */ = {isa = PBXFileReference; includeInIndex = 1; lastKnownFileType = text.xcconfig; name = "Pods-ThemNewMoviesUITests.debug.xcconfig"; path = "Pods/Target Support Files/Pods-ThemNewMoviesUITests/Pods-ThemNewMoviesUITests.debug.xcconfig"; sourceTree = "<group>"; };
		F1E9B6C79B2758D957EC0BC7 /* Pods-ThemNewMovies.debug.xcconfig */ = {isa = PBXFileReference; includeInIndex = 1; lastKnownFileType = text.xcconfig; name = "Pods-ThemNewMovies.debug.xcconfig"; path = "Pods/Target Support Files/Pods-ThemNewMovies/Pods-ThemNewMovies.debug.xcconfig"; sourceTree = "<group>"; };
/* End PBXFileReference section */

/* Begin PBXFrameworksBuildPhase section */
		6E214AF1219E26B9003F3C62 /* Frameworks */ = {
			isa = PBXFrameworksBuildPhase;
			buildActionMask = 2147483647;
			files = (
				5DD5B1FCDB150AF4AB0B2523 /* Pods_ThemNewMovies.framework in Frameworks */,
			);
			runOnlyForDeploymentPostprocessing = 0;
		};
		6E214B07219E26BA003F3C62 /* Frameworks */ = {
			isa = PBXFrameworksBuildPhase;
			buildActionMask = 2147483647;
			files = (
				7EA0E75117D2C6DA2B394A60 /* Pods_ThemNewMoviesTests.framework in Frameworks */,
			);
			runOnlyForDeploymentPostprocessing = 0;
		};
		6E214B12219E26BA003F3C62 /* Frameworks */ = {
			isa = PBXFrameworksBuildPhase;
			buildActionMask = 2147483647;
			files = (
				E6FE689B29EA103D0416658A /* Pods_ThemNewMoviesUITests.framework in Frameworks */,
			);
			runOnlyForDeploymentPostprocessing = 0;
		};
/* End PBXFrameworksBuildPhase section */

/* Begin PBXGroup section */
		4B67383DF2597004D2DCA5EF /* Frameworks */ = {
			isa = PBXGroup;
			children = (
				999CC3B8D41E480271C0FE44 /* Pods_ThemNewMovies.framework */,
				CE4DF300595ECDCE4E6BA568 /* Pods_ThemNewMoviesTests.framework */,
				BE2762BA707755D478F00C39 /* Pods_ThemNewMoviesUITests.framework */,
			);
			name = Frameworks;
			sourceTree = "<group>";
		};
		6E214AEB219E26B9003F3C62 = {
			isa = PBXGroup;
			children = (
				6E214AF6219E26B9003F3C62 /* ThemNewMovies */,
				6E214B0D219E26BA003F3C62 /* ThemNewMoviesTests */,
				6E214B18219E26BA003F3C62 /* ThemNewMoviesUITests */,
				6E214AF5219E26B9003F3C62 /* Products */,
				A94DFE3B103E543986102107 /* Pods */,
				4B67383DF2597004D2DCA5EF /* Frameworks */,
			);
			sourceTree = "<group>";
		};
		6E214AF5219E26B9003F3C62 /* Products */ = {
			isa = PBXGroup;
			children = (
				6E214AF4219E26B9003F3C62 /* ThemNewMovies.app */,
				6E214B0A219E26BA003F3C62 /* ThemNewMoviesTests.xctest */,
				6E214B15219E26BA003F3C62 /* ThemNewMoviesUITests.xctest */,
			);
			name = Products;
			sourceTree = "<group>";
		};
		6E214AF6219E26B9003F3C62 /* ThemNewMovies */ = {
			isa = PBXGroup;
			children = (
				6E214B42219E52F4003F3C62 /* Model */,
				6E214B6621A0B30F003F3C62 /* View */,
				6E214B6B21A0B686003F3C62 /* ViewController */,
				6E214B51219F3BAB003F3C62 /* ViewModel */,
				6E214B48219E5C28003F3C62 /* Service */,
				6E214B27219E2967003F3C62 /* Network */,
				6E214B56219F3E60003F3C62 /* Extensions */,
				6E214AF7219E26B9003F3C62 /* AppDelegate.swift */,
				6E214B00219E26BA003F3C62 /* Assets.xcassets */,
				6E214B02219E26BA003F3C62 /* LaunchScreen.storyboard */,
				6E214B05219E26BA003F3C62 /* Info.plist */,
				6E214B4D219F314F003F3C62 /* Constants.swift */,
				6E214B5F219F4EB9003F3C62 /* Localizable.strings */,
			);
			path = ThemNewMovies;
			sourceTree = "<group>";
		};
		6E214B0D219E26BA003F3C62 /* ThemNewMoviesTests */ = {
			isa = PBXGroup;
			children = (
				6E214B46219E549D003F3C62 /* ModelTests.swift */,
				6E214B36219E3B2A003F3C62 /* NetworkTests.swift */,
				6E214B59219F4B35003F3C62 /* ViewModelTests.swift */,
				6E214B5B219F4C3E003F3C62 /* DateElapsedTimeTests.swift */,
				6E214B6421A0AFB8003F3C62 /* StringLocalizedTests.swift */,
				6E214B10219E26BA003F3C62 /* Info.plist */,
			);
			path = ThemNewMoviesTests;
			sourceTree = "<group>";
		};
		6E214B18219E26BA003F3C62 /* ThemNewMoviesUITests */ = {
			isa = PBXGroup;
			children = (
				6E214B19219E26BA003F3C62 /* ThemNewMoviesUITests.swift */,
				6E214B1B219E26BB003F3C62 /* Info.plist */,
			);
			path = ThemNewMoviesUITests;
			sourceTree = "<group>";
		};
		6E214B27219E2967003F3C62 /* Network */ = {
			isa = PBXGroup;
			children = (
				6E214B40219E416B003F3C62 /* HTTPMethod.swift */,
				6E214B2A219E299A003F3C62 /* NetworkResult.swift */,
				6E214B30219E2B61003F3C62 /* HttpClient.swift */,
				6E214B34219E362B003F3C62 /* ModelDecoder.swift */,
			);
			path = Network;
			sourceTree = "<group>";
		};
		6E214B42219E52F4003F3C62 /* Model */ = {
			isa = PBXGroup;
			children = (
				6E214B43219E5345003F3C62 /* Movie.swift */,
				6E214B49219E5CE4003F3C62 /* UpcomingMovies.swift */,
			);
			path = Model;
			sourceTree = "<group>";
		};
		6E214B48219E5C28003F3C62 /* Service */ = {
			isa = PBXGroup;
			children = (
				6E214B4B219F30BD003F3C62 /* MovieService.swift */,
			);
			path = Service;
			sourceTree = "<group>";
		};
		6E214B51219F3BAB003F3C62 /* ViewModel */ = {
			isa = PBXGroup;
			children = (
				6E214B52219F3BE3003F3C62 /* MovieViewModel.swift */,
			);
			path = ViewModel;
			sourceTree = "<group>";
		};
		6E214B56219F3E60003F3C62 /* Extensions */ = {
			isa = PBXGroup;
			children = (
				6E214B57219F3F16003F3C62 /* Date+ElapsedTime.swift */,
				6E214B6221A0ACC4003F3C62 /* String+Localized.swift */,
			);
			path = Extensions;
			sourceTree = "<group>";
		};
		6E214B6621A0B30F003F3C62 /* View */ = {
			isa = PBXGroup;
			children = (
				6E214B6721A0B425003F3C62 /* MainNavigator.storyboard */,
				6E214B6921A0B4BC003F3C62 /* MovieList.storyboard */,
			);
			path = View;
			sourceTree = "<group>";
		};
		6E214B6B21A0B686003F3C62 /* ViewController */ = {
			isa = PBXGroup;
			children = (
				6E214B6C21A0B6C2003F3C62 /* UpcomingMoviesTableViewController.swift */,
			);
			path = ViewController;
			sourceTree = "<group>";
		};
		A94DFE3B103E543986102107 /* Pods */ = {
			isa = PBXGroup;
			children = (
				F1E9B6C79B2758D957EC0BC7 /* Pods-ThemNewMovies.debug.xcconfig */,
				0A86629585AA33204B6B7B5F /* Pods-ThemNewMovies.release.xcconfig */,
				6997E909F9387F22E89BE556 /* Pods-ThemNewMoviesTests.debug.xcconfig */,
				A473030467AC019CCC9EB6CD /* Pods-ThemNewMoviesTests.release.xcconfig */,
				D27CDD5A290B59C1BEB09B57 /* Pods-ThemNewMoviesUITests.debug.xcconfig */,
				1FC6796A07C20A43BECBE1E8 /* Pods-ThemNewMoviesUITests.release.xcconfig */,
			);
			name = Pods;
			sourceTree = "<group>";
		};
/* End PBXGroup section */

/* Begin PBXNativeTarget section */
		6E214AF3219E26B9003F3C62 /* ThemNewMovies */ = {
			isa = PBXNativeTarget;
			buildConfigurationList = 6E214B1E219E26BB003F3C62 /* Build configuration list for PBXNativeTarget "ThemNewMovies" */;
			buildPhases = (
				6FC083B9C998542E45FD627C /* [CP] Check Pods Manifest.lock */,
				6E214AF0219E26B9003F3C62 /* Sources */,
				6E214AF1219E26B9003F3C62 /* Frameworks */,
				6E214AF2219E26B9003F3C62 /* Resources */,
				2F9751B763A876751E94A13F /* [CP] Embed Pods Frameworks */,
			);
			buildRules = (
			);
			dependencies = (
			);
			name = ThemNewMovies;
			productName = ThemNewMovies;
			productReference = 6E214AF4219E26B9003F3C62 /* ThemNewMovies.app */;
			productType = "com.apple.product-type.application";
		};
		6E214B09219E26BA003F3C62 /* ThemNewMoviesTests */ = {
			isa = PBXNativeTarget;
			buildConfigurationList = 6E214B21219E26BB003F3C62 /* Build configuration list for PBXNativeTarget "ThemNewMoviesTests" */;
			buildPhases = (
				16823A7304CB9798A493BFDF /* [CP] Check Pods Manifest.lock */,
				6E214B06219E26BA003F3C62 /* Sources */,
				6E214B07219E26BA003F3C62 /* Frameworks */,
				6E214B08219E26BA003F3C62 /* Resources */,
			);
			buildRules = (
			);
			dependencies = (
				6E214B0C219E26BA003F3C62 /* PBXTargetDependency */,
			);
			name = ThemNewMoviesTests;
			productName = ThemNewMoviesTests;
			productReference = 6E214B0A219E26BA003F3C62 /* ThemNewMoviesTests.xctest */;
			productType = "com.apple.product-type.bundle.unit-test";
		};
		6E214B14219E26BA003F3C62 /* ThemNewMoviesUITests */ = {
			isa = PBXNativeTarget;
			buildConfigurationList = 6E214B24219E26BB003F3C62 /* Build configuration list for PBXNativeTarget "ThemNewMoviesUITests" */;
			buildPhases = (
				A239C25165BB972E7BD076FA /* [CP] Check Pods Manifest.lock */,
				6E214B11219E26BA003F3C62 /* Sources */,
				6E214B12219E26BA003F3C62 /* Frameworks */,
				6E214B13219E26BA003F3C62 /* Resources */,
			);
			buildRules = (
			);
			dependencies = (
				6E214B17219E26BA003F3C62 /* PBXTargetDependency */,
			);
			name = ThemNewMoviesUITests;
			productName = ThemNewMoviesUITests;
			productReference = 6E214B15219E26BA003F3C62 /* ThemNewMoviesUITests.xctest */;
			productType = "com.apple.product-type.bundle.ui-testing";
		};
/* End PBXNativeTarget section */

/* Begin PBXProject section */
		6E214AEC219E26B9003F3C62 /* Project object */ = {
			isa = PBXProject;
			attributes = {
				LastSwiftUpdateCheck = 1010;
				LastUpgradeCheck = 1010;
				ORGANIZATIONNAME = "David Freitas";
				TargetAttributes = {
					6E214AF3219E26B9003F3C62 = {
						CreatedOnToolsVersion = 10.1;
					};
					6E214B09219E26BA003F3C62 = {
						CreatedOnToolsVersion = 10.1;
						TestTargetID = 6E214AF3219E26B9003F3C62;
					};
					6E214B14219E26BA003F3C62 = {
						CreatedOnToolsVersion = 10.1;
						TestTargetID = 6E214AF3219E26B9003F3C62;
					};
				};
			};
			buildConfigurationList = 6E214AEF219E26B9003F3C62 /* Build configuration list for PBXProject "ThemNewMovies" */;
			compatibilityVersion = "Xcode 9.3";
			developmentRegion = en;
			hasScannedForEncodings = 0;
			knownRegions = (
				en,
				Base,
				"pt-BR",
			);
			mainGroup = 6E214AEB219E26B9003F3C62;
			productRefGroup = 6E214AF5219E26B9003F3C62 /* Products */;
			projectDirPath = "";
			projectRoot = "";
			targets = (
				6E214AF3219E26B9003F3C62 /* ThemNewMovies */,
				6E214B09219E26BA003F3C62 /* ThemNewMoviesTests */,
				6E214B14219E26BA003F3C62 /* ThemNewMoviesUITests */,
			);
		};
/* End PBXProject section */

/* Begin PBXResourcesBuildPhase section */
		6E214AF2219E26B9003F3C62 /* Resources */ = {
			isa = PBXResourcesBuildPhase;
			buildActionMask = 2147483647;
			files = (
				6E214B04219E26BA003F3C62 /* LaunchScreen.storyboard in Resources */,
				6E214B5D219F4EB9003F3C62 /* Localizable.strings in Resources */,
				6E214B6A21A0B4BC003F3C62 /* MovieList.storyboard in Resources */,
				6E214B01219E26BA003F3C62 /* Assets.xcassets in Resources */,
				6E214B6821A0B425003F3C62 /* MainNavigator.storyboard in Resources */,
			);
			runOnlyForDeploymentPostprocessing = 0;
		};
		6E214B08219E26BA003F3C62 /* Resources */ = {
			isa = PBXResourcesBuildPhase;
			buildActionMask = 2147483647;
			files = (
			);
			runOnlyForDeploymentPostprocessing = 0;
		};
		6E214B13219E26BA003F3C62 /* Resources */ = {
			isa = PBXResourcesBuildPhase;
			buildActionMask = 2147483647;
			files = (
			);
			runOnlyForDeploymentPostprocessing = 0;
		};
/* End PBXResourcesBuildPhase section */

/* Begin PBXShellScriptBuildPhase section */
		16823A7304CB9798A493BFDF /* [CP] Check Pods Manifest.lock */ = {
			isa = PBXShellScriptBuildPhase;
			buildActionMask = 2147483647;
			files = (
			);
			inputPaths = (
				"${PODS_PODFILE_DIR_PATH}/Podfile.lock",
				"${PODS_ROOT}/Manifest.lock",
			);
			name = "[CP] Check Pods Manifest.lock";
			outputPaths = (
				"$(DERIVED_FILE_DIR)/Pods-ThemNewMoviesTests-checkManifestLockResult.txt",
			);
			runOnlyForDeploymentPostprocessing = 0;
			shellPath = /bin/sh;
			shellScript = "diff \"${PODS_PODFILE_DIR_PATH}/Podfile.lock\" \"${PODS_ROOT}/Manifest.lock\" > /dev/null\nif [ $? != 0 ] ; then\n    # print error to STDERR\n    echo \"error: The sandbox is not in sync with the Podfile.lock. Run 'pod install' or update your CocoaPods installation.\" >&2\n    exit 1\nfi\n# This output is used by Xcode 'outputs' to avoid re-running this script phase.\necho \"SUCCESS\" > \"${SCRIPT_OUTPUT_FILE_0}\"\n";
			showEnvVarsInLog = 0;
		};
		2F9751B763A876751E94A13F /* [CP] Embed Pods Frameworks */ = {
			isa = PBXShellScriptBuildPhase;
			buildActionMask = 2147483647;
			files = (
			);
			inputPaths = (
				"${SRCROOT}/Pods/Target Support Files/Pods-ThemNewMovies/Pods-ThemNewMovies-frameworks.sh",
				"${BUILT_PRODUCTS_DIR}/Alamofire/Alamofire.framework",
				"${BUILT_PRODUCTS_DIR}/AlamofireImage/AlamofireImage.framework",
			);
			name = "[CP] Embed Pods Frameworks";
			outputPaths = (
				"${TARGET_BUILD_DIR}/${FRAMEWORKS_FOLDER_PATH}/Alamofire.framework",
				"${TARGET_BUILD_DIR}/${FRAMEWORKS_FOLDER_PATH}/AlamofireImage.framework",
			);
			runOnlyForDeploymentPostprocessing = 0;
			shellPath = /bin/sh;
			shellScript = "\"${SRCROOT}/Pods/Target Support Files/Pods-ThemNewMovies/Pods-ThemNewMovies-frameworks.sh\"\n";
			showEnvVarsInLog = 0;
		};
		6FC083B9C998542E45FD627C /* [CP] Check Pods Manifest.lock */ = {
			isa = PBXShellScriptBuildPhase;
			buildActionMask = 2147483647;
			files = (
			);
			inputPaths = (
				"${PODS_PODFILE_DIR_PATH}/Podfile.lock",
				"${PODS_ROOT}/Manifest.lock",
			);
			name = "[CP] Check Pods Manifest.lock";
			outputPaths = (
				"$(DERIVED_FILE_DIR)/Pods-ThemNewMovies-checkManifestLockResult.txt",
			);
			runOnlyForDeploymentPostprocessing = 0;
			shellPath = /bin/sh;
			shellScript = "diff \"${PODS_PODFILE_DIR_PATH}/Podfile.lock\" \"${PODS_ROOT}/Manifest.lock\" > /dev/null\nif [ $? != 0 ] ; then\n    # print error to STDERR\n    echo \"error: The sandbox is not in sync with the Podfile.lock. Run 'pod install' or update your CocoaPods installation.\" >&2\n    exit 1\nfi\n# This output is used by Xcode 'outputs' to avoid re-running this script phase.\necho \"SUCCESS\" > \"${SCRIPT_OUTPUT_FILE_0}\"\n";
			showEnvVarsInLog = 0;
		};
		A239C25165BB972E7BD076FA /* [CP] Check Pods Manifest.lock */ = {
			isa = PBXShellScriptBuildPhase;
			buildActionMask = 2147483647;
			files = (
			);
			inputPaths = (
				"${PODS_PODFILE_DIR_PATH}/Podfile.lock",
				"${PODS_ROOT}/Manifest.lock",
			);
			name = "[CP] Check Pods Manifest.lock";
			outputPaths = (
				"$(DERIVED_FILE_DIR)/Pods-ThemNewMoviesUITests-checkManifestLockResult.txt",
			);
			runOnlyForDeploymentPostprocessing = 0;
			shellPath = /bin/sh;
			shellScript = "diff \"${PODS_PODFILE_DIR_PATH}/Podfile.lock\" \"${PODS_ROOT}/Manifest.lock\" > /dev/null\nif [ $? != 0 ] ; then\n    # print error to STDERR\n    echo \"error: The sandbox is not in sync with the Podfile.lock. Run 'pod install' or update your CocoaPods installation.\" >&2\n    exit 1\nfi\n# This output is used by Xcode 'outputs' to avoid re-running this script phase.\necho \"SUCCESS\" > \"${SCRIPT_OUTPUT_FILE_0}\"\n";
			showEnvVarsInLog = 0;
		};
/* End PBXShellScriptBuildPhase section */

/* Begin PBXSourcesBuildPhase section */
		6E214AF0219E26B9003F3C62 /* Sources */ = {
			isa = PBXSourcesBuildPhase;
			buildActionMask = 2147483647;
			files = (
				6E214B31219E2B61003F3C62 /* HttpClient.swift in Sources */,
				6E214B4E219F314F003F3C62 /* Constants.swift in Sources */,
				6E214B41219E416B003F3C62 /* HTTPMethod.swift in Sources */,
				6E214B4C219F30BD003F3C62 /* MovieService.swift in Sources */,
				6E214B6D21A0B6C2003F3C62 /* UpcomingMoviesTableViewController.swift in Sources */,
				6E214AF8219E26B9003F3C62 /* AppDelegate.swift in Sources */,
				6E214B4A219E5CE4003F3C62 /* UpcomingMovies.swift in Sources */,
				6E214B58219F3F16003F3C62 /* Date+ElapsedTime.swift in Sources */,
				6E214B35219E362B003F3C62 /* ModelDecoder.swift in Sources */,
				6E214B6321A0ACC4003F3C62 /* String+Localized.swift in Sources */,
				6E214B44219E5345003F3C62 /* Movie.swift in Sources */,
				6E214B2B219E299A003F3C62 /* NetworkResult.swift in Sources */,
				6E214B53219F3BE3003F3C62 /* MovieViewModel.swift in Sources */,
			);
			runOnlyForDeploymentPostprocessing = 0;
		};
		6E214B06219E26BA003F3C62 /* Sources */ = {
			isa = PBXSourcesBuildPhase;
			buildActionMask = 2147483647;
			files = (
				6E214B37219E3B2A003F3C62 /* NetworkTests.swift in Sources */,
				6E214B47219E549D003F3C62 /* ModelTests.swift in Sources */,
				6E214B6521A0AFB8003F3C62 /* StringLocalizedTests.swift in Sources */,
				6E214B5A219F4B35003F3C62 /* ViewModelTests.swift in Sources */,
				6E214B5C219F4C3E003F3C62 /* DateElapsedTimeTests.swift in Sources */,
			);
			runOnlyForDeploymentPostprocessing = 0;
		};
		6E214B11219E26BA003F3C62 /* Sources */ = {
			isa = PBXSourcesBuildPhase;
			buildActionMask = 2147483647;
			files = (
				6E214B1A219E26BA003F3C62 /* ThemNewMoviesUITests.swift in Sources */,
			);
			runOnlyForDeploymentPostprocessing = 0;
		};
/* End PBXSourcesBuildPhase section */

/* Begin PBXTargetDependency section */
		6E214B0C219E26BA003F3C62 /* PBXTargetDependency */ = {
			isa = PBXTargetDependency;
			target = 6E214AF3219E26B9003F3C62 /* ThemNewMovies */;
			targetProxy = 6E214B0B219E26BA003F3C62 /* PBXContainerItemProxy */;
		};
		6E214B17219E26BA003F3C62 /* PBXTargetDependency */ = {
			isa = PBXTargetDependency;
			target = 6E214AF3219E26B9003F3C62 /* ThemNewMovies */;
			targetProxy = 6E214B16219E26BA003F3C62 /* PBXContainerItemProxy */;
		};
/* End PBXTargetDependency section */

/* Begin PBXVariantGroup section */
		6E214B02219E26BA003F3C62 /* LaunchScreen.storyboard */ = {
			isa = PBXVariantGroup;
			children = (
				6E214B03219E26BA003F3C62 /* Base */,
			);
			name = LaunchScreen.storyboard;
			sourceTree = "<group>";
		};
		6E214B5F219F4EB9003F3C62 /* Localizable.strings */ = {
			isa = PBXVariantGroup;
			children = (
				6E214B5E219F4EB9003F3C62 /* en */,
				6E214B60219F4EE3003F3C62 /* pt-BR */,
			);
			name = Localizable.strings;
			sourceTree = "<group>";
		};
/* End PBXVariantGroup section */

/* Begin XCBuildConfiguration section */
		6E214B1C219E26BB003F3C62 /* Debug */ = {
			isa = XCBuildConfiguration;
			buildSettings = {
				ALWAYS_SEARCH_USER_PATHS = NO;
				CLANG_ANALYZER_LOCALIZABILITY_NONLOCALIZED = YES;
				CLANG_ANALYZER_NONNULL = YES;
				CLANG_ANALYZER_NUMBER_OBJECT_CONVERSION = YES_AGGRESSIVE;
				CLANG_CXX_LANGUAGE_STANDARD = "gnu++14";
				CLANG_CXX_LIBRARY = "libc++";
				CLANG_ENABLE_MODULES = YES;
				CLANG_ENABLE_OBJC_ARC = YES;
				CLANG_ENABLE_OBJC_WEAK = YES;
				CLANG_WARN_BLOCK_CAPTURE_AUTORELEASING = YES;
				CLANG_WARN_BOOL_CONVERSION = YES;
				CLANG_WARN_COMMA = YES;
				CLANG_WARN_CONSTANT_CONVERSION = YES;
				CLANG_WARN_DEPRECATED_OBJC_IMPLEMENTATIONS = YES;
				CLANG_WARN_DIRECT_OBJC_ISA_USAGE = YES_ERROR;
				CLANG_WARN_DOCUMENTATION_COMMENTS = YES;
				CLANG_WARN_EMPTY_BODY = YES;
				CLANG_WARN_ENUM_CONVERSION = YES;
				CLANG_WARN_INFINITE_RECURSION = YES;
				CLANG_WARN_INT_CONVERSION = YES;
				CLANG_WARN_NON_LITERAL_NULL_CONVERSION = YES;
				CLANG_WARN_OBJC_IMPLICIT_RETAIN_SELF = YES;
				CLANG_WARN_OBJC_LITERAL_CONVERSION = YES;
				CLANG_WARN_OBJC_ROOT_CLASS = YES_ERROR;
				CLANG_WARN_RANGE_LOOP_ANALYSIS = YES;
				CLANG_WARN_STRICT_PROTOTYPES = YES;
				CLANG_WARN_SUSPICIOUS_MOVE = YES;
				CLANG_WARN_UNGUARDED_AVAILABILITY = YES_AGGRESSIVE;
				CLANG_WARN_UNREACHABLE_CODE = YES;
				CLANG_WARN__DUPLICATE_METHOD_MATCH = YES;
				CODE_SIGN_IDENTITY = "iPhone Developer";
				COPY_PHASE_STRIP = NO;
				DEBUG_INFORMATION_FORMAT = dwarf;
				DEFINES_MODULE = YES;
				ENABLE_STRICT_OBJC_MSGSEND = YES;
				ENABLE_TESTABILITY = YES;
				GCC_C_LANGUAGE_STANDARD = gnu11;
				GCC_DYNAMIC_NO_PIC = NO;
				GCC_NO_COMMON_BLOCKS = YES;
				GCC_OPTIMIZATION_LEVEL = 0;
				GCC_PREPROCESSOR_DEFINITIONS = (
					"DEBUG=1",
					"$(inherited)",
				);
				GCC_WARN_64_TO_32_BIT_CONVERSION = YES;
				GCC_WARN_ABOUT_RETURN_TYPE = YES_ERROR;
				GCC_WARN_UNDECLARED_SELECTOR = YES;
				GCC_WARN_UNINITIALIZED_AUTOS = YES_AGGRESSIVE;
				GCC_WARN_UNUSED_FUNCTION = YES;
				GCC_WARN_UNUSED_VARIABLE = YES;
				IPHONEOS_DEPLOYMENT_TARGET = 12.1;
				MTL_ENABLE_DEBUG_INFO = INCLUDE_SOURCE;
				MTL_FAST_MATH = YES;
				ONLY_ACTIVE_ARCH = YES;
				SDKROOT = iphoneos;
				SWIFT_ACTIVE_COMPILATION_CONDITIONS = DEBUG;
				SWIFT_OPTIMIZATION_LEVEL = "-Onone";
			};
			name = Debug;
		};
		6E214B1D219E26BB003F3C62 /* Release */ = {
			isa = XCBuildConfiguration;
			buildSettings = {
				ALWAYS_SEARCH_USER_PATHS = NO;
				CLANG_ANALYZER_LOCALIZABILITY_NONLOCALIZED = YES;
				CLANG_ANALYZER_NONNULL = YES;
				CLANG_ANALYZER_NUMBER_OBJECT_CONVERSION = YES_AGGRESSIVE;
				CLANG_CXX_LANGUAGE_STANDARD = "gnu++14";
				CLANG_CXX_LIBRARY = "libc++";
				CLANG_ENABLE_MODULES = YES;
				CLANG_ENABLE_OBJC_ARC = YES;
				CLANG_ENABLE_OBJC_WEAK = YES;
				CLANG_WARN_BLOCK_CAPTURE_AUTORELEASING = YES;
				CLANG_WARN_BOOL_CONVERSION = YES;
				CLANG_WARN_COMMA = YES;
				CLANG_WARN_CONSTANT_CONVERSION = YES;
				CLANG_WARN_DEPRECATED_OBJC_IMPLEMENTATIONS = YES;
				CLANG_WARN_DIRECT_OBJC_ISA_USAGE = YES_ERROR;
				CLANG_WARN_DOCUMENTATION_COMMENTS = YES;
				CLANG_WARN_EMPTY_BODY = YES;
				CLANG_WARN_ENUM_CONVERSION = YES;
				CLANG_WARN_INFINITE_RECURSION = YES;
				CLANG_WARN_INT_CONVERSION = YES;
				CLANG_WARN_NON_LITERAL_NULL_CONVERSION = YES;
				CLANG_WARN_OBJC_IMPLICIT_RETAIN_SELF = YES;
				CLANG_WARN_OBJC_LITERAL_CONVERSION = YES;
				CLANG_WARN_OBJC_ROOT_CLASS = YES_ERROR;
				CLANG_WARN_RANGE_LOOP_ANALYSIS = YES;
				CLANG_WARN_STRICT_PROTOTYPES = YES;
				CLANG_WARN_SUSPICIOUS_MOVE = YES;
				CLANG_WARN_UNGUARDED_AVAILABILITY = YES_AGGRESSIVE;
				CLANG_WARN_UNREACHABLE_CODE = YES;
				CLANG_WARN__DUPLICATE_METHOD_MATCH = YES;
				CODE_SIGN_IDENTITY = "iPhone Developer";
				COPY_PHASE_STRIP = NO;
				DEBUG_INFORMATION_FORMAT = "dwarf-with-dsym";
				DEFINES_MODULE = YES;
				ENABLE_NS_ASSERTIONS = NO;
				ENABLE_STRICT_OBJC_MSGSEND = YES;
				GCC_C_LANGUAGE_STANDARD = gnu11;
				GCC_NO_COMMON_BLOCKS = YES;
				GCC_WARN_64_TO_32_BIT_CONVERSION = YES;
				GCC_WARN_ABOUT_RETURN_TYPE = YES_ERROR;
				GCC_WARN_UNDECLARED_SELECTOR = YES;
				GCC_WARN_UNINITIALIZED_AUTOS = YES_AGGRESSIVE;
				GCC_WARN_UNUSED_FUNCTION = YES;
				GCC_WARN_UNUSED_VARIABLE = YES;
				IPHONEOS_DEPLOYMENT_TARGET = 12.1;
				MTL_ENABLE_DEBUG_INFO = NO;
				MTL_FAST_MATH = YES;
				SDKROOT = iphoneos;
				SWIFT_COMPILATION_MODE = wholemodule;
				SWIFT_OPTIMIZATION_LEVEL = "-O";
				VALIDATE_PRODUCT = YES;
			};
			name = Release;
		};
		6E214B1F219E26BB003F3C62 /* Debug */ = {
			isa = XCBuildConfiguration;
			baseConfigurationReference = F1E9B6C79B2758D957EC0BC7 /* Pods-ThemNewMovies.debug.xcconfig */;
			buildSettings = {
				ASSETCATALOG_COMPILER_APPICON_NAME = AppIcon;
				CODE_SIGN_STYLE = Automatic;
				DEVELOPMENT_TEAM = Q4XN6L7Y2R;
				INFOPLIST_FILE = ThemNewMovies/Info.plist;
				LD_RUNPATH_SEARCH_PATHS = (
					"$(inherited)",
					"@executable_path/Frameworks",
				);
				PRODUCT_BUNDLE_IDENTIFIER = com.davidfreitas.ThemNewMovies;
				PRODUCT_NAME = "$(TARGET_NAME)";
				SWIFT_VERSION = 4.2;
				TARGETED_DEVICE_FAMILY = "1,2";
			};
			name = Debug;
		};
		6E214B20219E26BB003F3C62 /* Release */ = {
			isa = XCBuildConfiguration;
			baseConfigurationReference = 0A86629585AA33204B6B7B5F /* Pods-ThemNewMovies.release.xcconfig */;
			buildSettings = {
				ASSETCATALOG_COMPILER_APPICON_NAME = AppIcon;
				CODE_SIGN_STYLE = Automatic;
				DEVELOPMENT_TEAM = Q4XN6L7Y2R;
				INFOPLIST_FILE = ThemNewMovies/Info.plist;
				LD_RUNPATH_SEARCH_PATHS = (
					"$(inherited)",
					"@executable_path/Frameworks",
				);
				PRODUCT_BUNDLE_IDENTIFIER = com.davidfreitas.ThemNewMovies;
				PRODUCT_NAME = "$(TARGET_NAME)";
				SWIFT_VERSION = 4.2;
				TARGETED_DEVICE_FAMILY = "1,2";
			};
			name = Release;
		};
		6E214B22219E26BB003F3C62 /* Debug */ = {
			isa = XCBuildConfiguration;
			baseConfigurationReference = 6997E909F9387F22E89BE556 /* Pods-ThemNewMoviesTests.debug.xcconfig */;
			buildSettings = {
				ALWAYS_EMBED_SWIFT_STANDARD_LIBRARIES = YES;
				BUNDLE_LOADER = "$(TEST_HOST)";
				CODE_SIGN_STYLE = Automatic;
				DEVELOPMENT_TEAM = Q4XN6L7Y2R;
				INFOPLIST_FILE = ThemNewMoviesTests/Info.plist;
				LD_RUNPATH_SEARCH_PATHS = (
					"$(inherited)",
					"@executable_path/Frameworks",
					"@loader_path/Frameworks",
				);
				PRODUCT_BUNDLE_IDENTIFIER = com.davidfreitas.ThemNewMoviesTests;
				PRODUCT_NAME = "$(TARGET_NAME)";
				SWIFT_VERSION = 4.2;
				TARGETED_DEVICE_FAMILY = "1,2";
				TEST_HOST = "$(BUILT_PRODUCTS_DIR)/ThemNewMovies.app/ThemNewMovies";
			};
			name = Debug;
		};
		6E214B23219E26BB003F3C62 /* Release */ = {
			isa = XCBuildConfiguration;
			baseConfigurationReference = A473030467AC019CCC9EB6CD /* Pods-ThemNewMoviesTests.release.xcconfig */;
			buildSettings = {
				ALWAYS_EMBED_SWIFT_STANDARD_LIBRARIES = YES;
				BUNDLE_LOADER = "$(TEST_HOST)";
				CODE_SIGN_STYLE = Automatic;
				DEVELOPMENT_TEAM = Q4XN6L7Y2R;
				INFOPLIST_FILE = ThemNewMoviesTests/Info.plist;
				LD_RUNPATH_SEARCH_PATHS = (
					"$(inherited)",
					"@executable_path/Frameworks",
					"@loader_path/Frameworks",
				);
				PRODUCT_BUNDLE_IDENTIFIER = com.davidfreitas.ThemNewMoviesTests;
				PRODUCT_NAME = "$(TARGET_NAME)";
				SWIFT_VERSION = 4.2;
				TARGETED_DEVICE_FAMILY = "1,2";
				TEST_HOST = "$(BUILT_PRODUCTS_DIR)/ThemNewMovies.app/ThemNewMovies";
			};
			name = Release;
		};
		6E214B25219E26BB003F3C62 /* Debug */ = {
			isa = XCBuildConfiguration;
			baseConfigurationReference = D27CDD5A290B59C1BEB09B57 /* Pods-ThemNewMoviesUITests.debug.xcconfig */;
			buildSettings = {
				ALWAYS_EMBED_SWIFT_STANDARD_LIBRARIES = YES;
				CODE_SIGN_STYLE = Automatic;
				DEVELOPMENT_TEAM = Q4XN6L7Y2R;
				INFOPLIST_FILE = ThemNewMoviesUITests/Info.plist;
				LD_RUNPATH_SEARCH_PATHS = (
					"$(inherited)",
					"@executable_path/Frameworks",
					"@loader_path/Frameworks",
				);
				PRODUCT_BUNDLE_IDENTIFIER = com.davidfreitas.ThemNewMoviesUITests;
				PRODUCT_NAME = "$(TARGET_NAME)";
				SWIFT_VERSION = 4.2;
				TARGETED_DEVICE_FAMILY = "1,2";
				TEST_TARGET_NAME = ThemNewMovies;
			};
			name = Debug;
		};
		6E214B26219E26BB003F3C62 /* Release */ = {
			isa = XCBuildConfiguration;
			baseConfigurationReference = 1FC6796A07C20A43BECBE1E8 /* Pods-ThemNewMoviesUITests.release.xcconfig */;
			buildSettings = {
				ALWAYS_EMBED_SWIFT_STANDARD_LIBRARIES = YES;
				CODE_SIGN_STYLE = Automatic;
				DEVELOPMENT_TEAM = Q4XN6L7Y2R;
				INFOPLIST_FILE = ThemNewMoviesUITests/Info.plist;
				LD_RUNPATH_SEARCH_PATHS = (
					"$(inherited)",
					"@executable_path/Frameworks",
					"@loader_path/Frameworks",
				);
				PRODUCT_BUNDLE_IDENTIFIER = com.davidfreitas.ThemNewMoviesUITests;
				PRODUCT_NAME = "$(TARGET_NAME)";
				SWIFT_VERSION = 4.2;
				TARGETED_DEVICE_FAMILY = "1,2";
				TEST_TARGET_NAME = ThemNewMovies;
			};
			name = Release;
		};
/* End XCBuildConfiguration section */

/* Begin XCConfigurationList section */
		6E214AEF219E26B9003F3C62 /* Build configuration list for PBXProject "ThemNewMovies" */ = {
			isa = XCConfigurationList;
			buildConfigurations = (
				6E214B1C219E26BB003F3C62 /* Debug */,
				6E214B1D219E26BB003F3C62 /* Release */,
			);
			defaultConfigurationIsVisible = 0;
			defaultConfigurationName = Release;
		};
		6E214B1E219E26BB003F3C62 /* Build configuration list for PBXNativeTarget "ThemNewMovies" */ = {
			isa = XCConfigurationList;
			buildConfigurations = (
				6E214B1F219E26BB003F3C62 /* Debug */,
				6E214B20219E26BB003F3C62 /* Release */,
			);
			defaultConfigurationIsVisible = 0;
			defaultConfigurationName = Release;
		};
		6E214B21219E26BB003F3C62 /* Build configuration list for PBXNativeTarget "ThemNewMoviesTests" */ = {
			isa = XCConfigurationList;
			buildConfigurations = (
				6E214B22219E26BB003F3C62 /* Debug */,
				6E214B23219E26BB003F3C62 /* Release */,
			);
			defaultConfigurationIsVisible = 0;
			defaultConfigurationName = Release;
		};
		6E214B24219E26BB003F3C62 /* Build configuration list for PBXNativeTarget "ThemNewMoviesUITests" */ = {
			isa = XCConfigurationList;
			buildConfigurations = (
				6E214B25219E26BB003F3C62 /* Debug */,
				6E214B26219E26BB003F3C62 /* Release */,
			);
			defaultConfigurationIsVisible = 0;
			defaultConfigurationName = Release;
		};
/* End XCConfigurationList section */
	};
	rootObject = 6E214AEC219E26B9003F3C62 /* Project object */;
}
